<?xml version="1.0" encoding="utf-8"?>
<Project ToolsVersion="4.0" xmlns="http://schemas.microsoft.com/developer/msbuild/2003">
  <ItemGroup>
    <Filter Include="源文件">
      <UniqueIdentifier>{4FC737F1-C7A5-4376-A066-2A32D752A2FF}</UniqueIdentifier>
      <Extensions>cpp;c;cc;cxx;def;odl;idl;hpj;bat;asm;asmx</Extensions>
    </Filter>
    <Filter Include="头文件">
      <UniqueIdentifier>{93995380-89BD-4b04-88EB-625FBE52EBFB}</UniqueIdentifier>
      <Extensions>h;hh;hpp;hxx;hm;inl;inc;xsd</Extensions>
    </Filter>
    <Filter Include="资源文件">
      <UniqueIdentifier>{67DA6AB6-F800-4c08-8B7A-83BB121AAD01}</UniqueIdentifier>
      <Extensions>rc;ico;cur;bmp;dlg;rc2;rct;bin;rgs;gif;jpg;jpeg;jpe;resx;tiff;tif;png;wav;mfcribbon-ms</Extensions>
    </Filter>
    <Filter Include="源文件\chapter2">
      <UniqueIdentifier>{5c535afd-cfab-4ea1-acc8-e754041d0731}</UniqueIdentifier>
    </Filter>
    <Filter Include="源文件\chapter4">
      <UniqueIdentifier>{e560ba31-a770-47ce-a439-3985eeee00a2}</UniqueIdentifier>
    </Filter>
    <Filter Include="源文件\chapter5">
      <UniqueIdentifier>{58d9021b-836e-4dbb-8aba-7385a49d99f9}</UniqueIdentifier>
    </Filter>
    <Filter Include="源文件\chapter6">
      <UniqueIdentifier>{fba98415-b9a1-4c25-9961-2926fec39934}</UniqueIdentifier>
    </Filter>
    <Filter Include="源文件\chapter7">
      <UniqueIdentifier>{06cdf29b-60e8-4c0c-b40d-cc4177cfc4d1}</UniqueIdentifier>
    </Filter>
    <Filter Include="源文件\chapter8">
      <UniqueIdentifier>{07192261-8f5d-45a5-98d7-d2695cc9a0ba}</UniqueIdentifier>
    </Filter>
    <Filter Include="源文件\chapter9">
      <UniqueIdentifier>{c222a608-66fc-4745-9187-10ca5c6ccf6a}</UniqueIdentifier>
    </Filter>
    <Filter Include="源文件\chapter10">
      <UniqueIdentifier>{015146c2-5d8c-4f48-b014-990fc1446ca3}</UniqueIdentifier>
    </Filter>
    <Filter Include="源文件\chapter9\9-7">
      <UniqueIdentifier>{db5b8e61-cb5c-4dd3-b565-353d1ba9a94b}</UniqueIdentifier>
    </Filter>
    <Filter Include="头文件\chapter9">
      <UniqueIdentifier>{4b54cf0b-547d-42fb-a4c9-eae9fb4c3619}</UniqueIdentifier>
    </Filter>
    <Filter Include="头文件\chapter9\9-7">
      <UniqueIdentifier>{dbec1b13-df60-4970-8eb7-d826478e0c31}</UniqueIdentifier>
    </Filter>
  </ItemGroup>
  <ItemGroup>
    <ClCompile Include="chapter2\2-16.cpp">
      <Filter>源文件\chapter2</Filter>
    </ClCompile>
    <ClCompile Include="chapter2\2-17.cpp">
      <Filter>源文件\chapter2</Filter>
    </ClCompile>
    <ClCompile Include="chapter2\2-18.cpp">
      <Filter>源文件\chapter2</Filter>
    </ClCompile>
    <ClCompile Include="chapter2\2-19.cpp">
      <Filter>源文件\chapter2</Filter>
    </ClCompile>
    <ClCompile Include="chapter2\2-20.cpp">
      <Filter>源文件\chapter2</Filter>
    </ClCompile>
    <ClCompile Include="chapter2\2-23.cpp">
      <Filter>源文件\chapter2</Filter>
    </ClCompile>
    <ClCompile Include="chapter2\2-24.cpp">
      <Filter>源文件\chapter2</Filter>
    </ClCompile>
    <ClCompile Include="chapter2\2-25.cpp">
      <Filter>源文件\chapter2</Filter>
    </ClCompile>
    <ClCompile Include="chapter2\2-27.cpp">
      <Filter>源文件\chapter2</Filter>
    </ClCompile>
    <ClCompile Include="chapter2\2-28.cpp">
      <Filter>源文件\chapter2</Filter>
    </ClCompile>
    <ClCompile Include="chapter2\2-29.cpp">
      <Filter>源文件\chapter2</Filter>
    </ClCompile>
    <ClCompile Include="chapter4\4-13.cpp">
      <Filter>源文件\chapter4</Filter>
    </ClCompile>
    <ClCompile Include="chapter4\4-14.cpp">
      <Filter>源文件\chapter4</Filter>
    </ClCompile>
    <ClCompile Include="chapter4\4-15.cpp">
      <Filter>源文件\chapter4</Filter>
    </ClCompile>
    <ClCompile Include="chapter4\4-16.cpp">
      <Filter>源文件\chapter4</Filter>
    </ClCompile>
    <ClCompile Include="chapter4\4-17.cpp">
      <Filter>源文件\chapter4</Filter>
    </ClCompile>
    <ClCompile Include="chapter4\4-20.cpp">
      <Filter>源文件\chapter4</Filter>
    </ClCompile>
    <ClCompile Include="chapter4\4-26.cpp">
      <Filter>源文件\chapter4</Filter>
    </ClCompile>
    <ClCompile Include="chapter4\4-27.cpp">
      <Filter>源文件\chapter4</Filter>
    </ClCompile>
    <ClCompile Include="chapter4\4-32.cpp">
      <Filter>源文件\chapter4</Filter>
    </ClCompile>
    <ClCompile Include="chapter4\4-33.cpp">
      <Filter>源文件\chapter4</Filter>
    </ClCompile>
    <ClCompile Include="chapter4\4-34-a.cpp">
      <Filter>源文件\chapter4</Filter>
    </ClCompile>
    <ClCompile Include="chapter4\4-34-b.cpp">
      <Filter>源文件\chapter4</Filter>
    </ClCompile>
    <ClCompile Include="chapter4\4-34-c.cpp">
      <Filter>源文件\chapter4</Filter>
    </ClCompile>
    <ClCompile Include="chapter5\5-8.cpp">
      <Filter>源文件\chapter5</Filter>
    </ClCompile>
    <ClCompile Include="chapter5\5-9.cpp">
      <Filter>源文件\chapter5</Filter>
    </ClCompile>
    <ClCompile Include="chapter5\5-10.cpp">
      <Filter>源文件\chapter5</Filter>
    </ClCompile>
    <ClCompile Include="chapter5\5-11.cpp">
      <Filter>源文件\chapter5</Filter>
    </ClCompile>
    <ClCompile Include="chapter5\5-18.cpp">
      <Filter>源文件\chapter5</Filter>
    </ClCompile>
    <ClCompile Include="chapter5\5-19.cpp">
      <Filter>源文件\chapter5</Filter>
    </ClCompile>
    <ClCompile Include="chapter5\5-20.cpp">
      <Filter>源文件\chapter5</Filter>
    </ClCompile>
    <ClCompile Include="chapter6\6-11.cpp">
      <Filter>源文件\chapter6</Filter>
    </ClCompile>
    <ClCompile Include="chapter6\6-12.cpp">
      <Filter>源文件\chapter6</Filter>
    </ClCompile>
    <ClCompile Include="chapter6\6-18.cpp">
      <Filter>源文件\chapter6</Filter>
    </ClCompile>
    <ClCompile Include="chapter5\5-22.cpp">
      <Filter>源文件\chapter5</Filter>
    </ClCompile>
    <ClCompile Include="chapter6\6-20.cpp">
      <Filter>源文件\chapter6</Filter>
    </ClCompile>
    <ClCompile Include="chapter6\6-24.cpp">
      <Filter>源文件\chapter6</Filter>
    </ClCompile>
    <ClCompile Include="chapter6\6-25.cpp">
      <Filter>源文件\chapter6</Filter>
    </ClCompile>
    <ClCompile Include="chapter6\6-29.cpp">
      <Filter>源文件\chapter6</Filter>
    </ClCompile>
    <ClCompile Include="chapter6\6-30.cpp">
      <Filter>源文件\chapter6</Filter>
    </ClCompile>
    <ClCompile Include="chapter6\6-31.cpp">
      <Filter>源文件\chapter6</Filter>
    </ClCompile>
    <ClCompile Include="chapter6\6-33.cpp">
      <Filter>源文件\chapter6</Filter>
    </ClCompile>
    <ClCompile Include="chapter6\6-36.cpp">
      <Filter>源文件\chapter6</Filter>
    </ClCompile>
    <ClCompile Include="chapter6\6-38.cpp">
      <Filter>源文件\chapter6</Filter>
    </ClCompile>
    <ClCompile Include="chapter6\6-37.cpp">
      <Filter>源文件\chapter6</Filter>
    </ClCompile>
    <ClCompile Include="chapter6\6-51.cpp">
      <Filter>源文件\chapter6</Filter>
    </ClCompile>
    <ClCompile Include="chapter6\6-53.cpp">
      <Filter>源文件\chapter6</Filter>
    </ClCompile>
    <ClCompile Include="chapter7\7-15.cpp">
      <Filter>源文件\chapter7</Filter>
    </ClCompile>
    <ClCompile Include="chapter7\7-20.cpp">
      <Filter>源文件\chapter7</Filter>
    </ClCompile>
    <ClCompile Include="chapter7\7-24.cpp">
      <Filter>源文件\chapter7</Filter>
    </ClCompile>
    <ClCompile Include="chapter7\7-26.cpp">
      <Filter>源文件\chapter7</Filter>
    </ClCompile>
    <ClCompile Include="chapter7\7-30.cpp">
      <Filter>源文件\chapter7</Filter>
    </ClCompile>
    <ClCompile Include="chapter7\7-29.cpp">
      <Filter>源文件\chapter7</Filter>
    </ClCompile>
    <ClCompile Include="chapter8\8-12.cpp">
      <Filter>源文件\chapter8</Filter>
    </ClCompile>
    <ClCompile Include="chapter7\7-17.cpp">
      <Filter>源文件\chapter7</Filter>
    </ClCompile>
    <ClCompile Include="chapter8\8-15.cpp">
      <Filter>源文件\chapter8</Filter>
    </ClCompile>
    <ClCompile Include="chapter8\8-16.cpp">
      <Filter>源文件\chapter8</Filter>
    </ClCompile>
    <ClCompile Include="chapter8\8-17.cpp">
      <Filter>源文件\chapter8</Filter>
    </ClCompile>
    <ClCompile Include="chapter9\9-7\Time.cpp">
      <Filter>源文件\chapter9\9-7</Filter>
    </ClCompile>
    <ClCompile Include="chapter9\9-7\client.cpp">
      <Filter>源文件\chapter9\9-7</Filter>
    </ClCompile>
  </ItemGroup>
  <ItemGroup>
    <ClInclude Include="chapter9\9-7\Time.h">
      <Filter>头文件\chapter9\9-7</Filter>
    </ClInclude>
  </ItemGroup>
</Project>